<?xml version="1.0" encoding="utf-8"?>
<Project ToolsVersion="4.0" xmlns="http://schemas.microsoft.com/developer/msbuild/2003">
  <ItemGroup>
    <Filter Include="Source Files">
      <UniqueIdentifier>{4FC737F1-C7A5-4376-A066-2A32D752A2FF}</UniqueIdentifier>
      <Extensions>cpp;c;cc;cxx;c++;cppm;ixx;def;odl;idl;hpj;bat;asm;asmx</Extensions>
    </Filter>
    <Filter Include="Header Files">
      <UniqueIdentifier>{93995380-89BD-4b04-88EB-625FBE52EBFB}</UniqueIdentifier>
      <Extensions>h;hh;hpp;hxx;h++;hm;inl;inc;ipp;xsd</Extensions>
    </Filter>
    <Filter Include="Resource Files">
      <UniqueIdentifier>{67DA6AB6-F800-4c08-8B7A-83BB121AAD01}</UniqueIdentifier>
      <Extensions>rc;ico;cur;bmp;dlg;rc2;rct;bin;rgs;gif;jpg;jpeg;jpe;resx;tiff;tif;png;wav;mfcribbon-ms</Extensions>
    </Filter>
    <Filter Include="Source Files\inputHandlers">
      <UniqueIdentifier>{d030c43d-285e-45d3-8d32-656c744ebec9}</UniqueIdentifier>
    </Filter>
    <Filter Include="Source Files\Objects">
      <UniqueIdentifier>{0360d987-f4b9-4339-8271-72b90bbeb051}</UniqueIdentifier>
    </Filter>
    <Filter Include="Header Files\ObjectsH">
      <UniqueIdentifier>{6060c195-0ee9-4551-9a34-012e5ae43e2f}</UniqueIdentifier>
    </Filter>
    <Filter Include="Header Files\inputHandlersH">
      <UniqueIdentifier>{d40f3b70-8e40-44fe-9f1e-4a02f12f53c3}</UniqueIdentifier>
    </Filter>
    <Filter Include="Header Files\ManagersH">
      <UniqueIdentifier>{a203adc7-d303-41ac-b06c-7fde67c8e5dc}</UniqueIdentifier>
    </Filter>
    <Filter Include="Source Files\Managers">
      <UniqueIdentifier>{59da3d5b-931c-46bd-b26b-60991d89847f}</UniqueIdentifier>
    </Filter>
    <Filter Include="Resource Files\Images">
      <UniqueIdentifier>{a6cdb277-5a79-49f5-a044-a5ea88af10d9}</UniqueIdentifier>
    </Filter>
    <Filter Include="Resource Files\Sound Buffers">
      <UniqueIdentifier>{9271f92f-6c9f-4ffc-9ff0-428bf041f6b9}</UniqueIdentifier>
    </Filter>
    <Filter Include="Header Files\Extrenal LibrariesH">
      <UniqueIdentifier>{a2fc4eff-ad6a-4642-87d6-9204ea7ba397}</UniqueIdentifier>
    </Filter>
    <Filter Include="Source Files\External Libraries">
      <UniqueIdentifier>{542c4a43-5626-4d1c-b272-6810f9ba1688}</UniqueIdentifier>
    </Filter>
    <Filter Include="Source Files\Misc">
      <UniqueIdentifier>{4805221e-73dd-41fb-959d-5d8785356223}</UniqueIdentifier>
    </Filter>
    <Filter Include="Source Files\inputHandlers\OptionsHandlers">
      <UniqueIdentifier>{b080dcf4-918c-4d9d-abb0-2ad76fe9575d}</UniqueIdentifier>
    </Filter>
    <Filter Include="Header Files\inputHandlersH\OptionsHandlerH">
      <UniqueIdentifier>{992082ad-67cb-48e8-b80b-57ce1cf720fe}</UniqueIdentifier>
    </Filter>
  </ItemGroup>
  <ItemGroup>
    <ClCompile Include="InputHandler.cpp">
      <Filter>Source Files\inputHandlers</Filter>
    </ClCompile>
    <ClCompile Include="MainMenuHandler.cpp">
      <Filter>Source Files\inputHandlers</Filter>
    </ClCompile>
    <ClCompile Include="GameObject.cpp">
      <Filter>Source Files\Objects</Filter>
    </ClCompile>
    <ClCompile Include="SpriteObject.cpp">
      <Filter>Source Files\Objects</Filter>
    </ClCompile>
    <ClCompile Include="GraphicsUnit.cpp">
      <Filter>Source Files\Managers</Filter>
    </ClCompile>
    <ClCompile Include="LoopManager.cpp">
      <Filter>Source Files\Managers</Filter>
    </ClCompile>
    <ClCompile Include="ObjectFactory.cpp">
      <Filter>Source Files\Managers</Filter>
    </ClCompile>
    <ClCompile Include="jsoncpp\dist\jsoncpp.cpp">
      <Filter>Source Files\External Libraries</Filter>
    </ClCompile>
    <ClCompile Include="Source.cpp">
      <Filter>Source Files</Filter>
    </ClCompile>
    <ClCompile Include="AudioOptionsHandler.cpp">
      <Filter>Source Files\inputHandlers\OptionsHandlers</Filter>
    </ClCompile>
    <ClCompile Include="VideoOptionsHandler.cpp">
      <Filter>Source Files\inputHandlers\OptionsHandlers</Filter>
    </ClCompile>
    <ClCompile Include="ControlsOptionsHandler.cpp">
      <Filter>Source Files\inputHandlers\OptionsHandlers</Filter>
    </ClCompile>
    <ClCompile Include="OptionsMenuHandler.cpp">
      <Filter>Source Files\inputHandlers\OptionsHandlers</Filter>
    </ClCompile>
    <ClCompile Include="AudioUnit.cpp">
      <Filter>Source Files\Managers</Filter>
    </ClCompile>
    <ClCompile Include="Obstacle.cpp">
      <Filter>Source Files\Objects</Filter>
    </ClCompile>
    <ClCompile Include="Player.cpp">
      <Filter>Source Files\Objects</Filter>
    </ClCompile>
    <ClCompile Include="GameHandler.cpp">
      <Filter>Source Files\inputHandlers</Filter>
    </ClCompile>
    <ClCompile Include="WinHandler.cpp">
      <Filter>Source Files\inputHandlers</Filter>
    </ClCompile>
    <ClCompile Include="LoseHandler.cpp">
      <Filter>Source Files\inputHandlers</Filter>
    </ClCompile>
    <ClCompile Include="LevelSelectHandler.cpp">
      <Filter>Source Files\inputHandlers</Filter>
    </ClCompile>
    <ClCompile Include="TutorialHandler.cpp">
      <Filter>Source Files\inputHandlers</Filter>
    </ClCompile>
    <ClCompile Include="EndOfLevelHandler.cpp">
      <Filter>Source Files\inputHandlers</Filter>
    </ClCompile>
  </ItemGroup>
  <ItemGroup>
    <ClInclude Include="MainMenuHandler.h">
      <Filter>Header Files\inputHandlersH</Filter>
    </ClInclude>
    <ClInclude Include="InputHandler.h">
      <Filter>Header Files\inputHandlersH</Filter>
    </ClInclude>
    <ClInclude Include="GameObject.h">
      <Filter>Header Files\ObjectsH</Filter>
    </ClInclude>
    <ClInclude Include="SpriteObject.h">
      <Filter>Header Files\ObjectsH</Filter>
    </ClInclude>
    <ClInclude Include="LoopManager.h">
      <Filter>Header Files\ManagersH</Filter>
    </ClInclude>
    <ClInclude Include="GraphicsUnit.h">
      <Filter>Header Files\ManagersH</Filter>
    </ClInclude>
    <ClInclude Include="ObjectFactory.h">
      <Filter>Header Files\ManagersH</Filter>
    </ClInclude>
    <ClInclude Include="AudioUnit.h">
      <Filter>Header Files\ManagersH</Filter>
    </ClInclude>
    <ClInclude Include="jsoncpp\dist\json\json.h">
      <Filter>Header Files\Extrenal LibrariesH</Filter>
    </ClInclude>
    <ClInclude Include="jsoncpp\dist\json\json-forwards.h">
      <Filter>Header Files\Extrenal LibrariesH</Filter>
    </ClInclude>
    <ClInclude Include="MenuCode.h">
      <Filter>Source Files\Misc</Filter>
    </ClInclude>
    <ClInclude Include="ControlsOptionsHandler.h">
      <Filter>Header Files\inputHandlersH\OptionsHandlerH</Filter>
    </ClInclude>
    <ClInclude Include="AudioOptionsHandler.h">
      <Filter>Header Files\inputHandlersH\OptionsHandlerH</Filter>
    </ClInclude>
    <ClInclude Include="OptionsMenuHandler.h">
      <Filter>Header Files\inputHandlersH\OptionsHandlerH</Filter>
    </ClInclude>
    <ClInclude Include="VideoOptionsHandler.h">
      <Filter>Header Files\inputHandlersH\OptionsHandlerH</Filter>
    </ClInclude>
    <ClInclude Include="KeyCode.h">
      <Filter>Source Files\Misc</Filter>
    </ClInclude>
    <ClInclude Include="Obstacle.h">
      <Filter>Header Files\ObjectsH</Filter>
    </ClInclude>
    <ClInclude Include="Player.h">
      <Filter>Header Files\ObjectsH</Filter>
    </ClInclude>
    <ClInclude Include="GameHandler.h">
      <Filter>Header Files\inputHandlersH</Filter>
    </ClInclude>
    <ClInclude Include="WinHandler.h">
      <Filter>Header Files\inputHandlersH</Filter>
    </ClInclude>
    <ClInclude Include="LoseHandler.h">
      <Filter>Header Files\inputHandlersH</Filter>
    </ClInclude>
    <ClInclude Include="LevelSelectHandler.h">
      <Filter>Header Files\inputHandlersH</Filter>
    </ClInclude>
    <ClInclude Include="TutorialHandler.h">
      <Filter>Header Files\inputHandlersH</Filter>
    </ClInclude>
    <ClInclude Include="EndOfLevelHandler.h">
      <Filter>Header Files\inputHandlersH</Filter>
    </ClInclude>
  </ItemGroup>
  <ItemGroup>
    <Image Include="..\..\..\SelectionArrow.png">
      <Filter>Resource Files\Images</Filter>
    </Image>
  </ItemGroup>
  <ItemGroup>
    <Media Include="..\..\..\pianoSound.wav">
      <Filter>Resource Files\Sound Buffers</Filter>
    </Media>
  </ItemGroup>
  <ItemGroup>
    <None Include="config.json">
      <Filter>Source Files\Misc</Filter>
    </None>
  </ItemGroup>
</Project>