<?xml version="1.0" encoding="utf-8"?>
<Project ToolsVersion="4.0" xmlns="http://schemas.microsoft.com/developer/msbuild/2003">
  <ItemGroup>
    <Filter Include="Source Files">
      <UniqueIdentifier>{4FC737F1-C7A5-4376-A066-2A32D752A2FF}</UniqueIdentifier>
      <Extensions>cpp;c;cc;cxx;c++;cppm;ixx;def;odl;idl;hpj;bat;asm;asmx</Extensions>
    </Filter>
    <Filter Include="Header Files">
      <UniqueIdentifier>{93995380-89BD-4b04-88EB-625FBE52EBFB}</UniqueIdentifier>
      <Extensions>h;hh;hpp;hxx;h++;hm;inl;inc;ipp;xsd</Extensions>
    </Filter>
    <Filter Include="Resource Files">
      <UniqueIdentifier>{67DA6AB6-F800-4c08-8B7A-83BB121AAD01}</UniqueIdentifier>
      <Extensions>rc;ico;cur;bmp;dlg;rc2;rct;bin;rgs;gif;jpg;jpeg;jpe;resx;tiff;tif;png;wav;mfcribbon-ms</Extensions>
    </Filter>
    <Filter Include="Source Files\inputHandlers">
      <UniqueIdentifier>{d030c43d-285e-45d3-8d32-656c744ebec9}</UniqueIdentifier>
    </Filter>
    <Filter Include="Source Files\Objects">
      <UniqueIdentifier>{0360d987-f4b9-4339-8271-72b90bbeb051}</UniqueIdentifier>
    </Filter>
    <Filter Include="Header Files\ObjectsH">
      <UniqueIdentifier>{6060c195-0ee9-4551-9a34-012e5ae43e2f}</UniqueIdentifier>
    </Filter>
    <Filter Include="Header Files\inputHandlersH">
      <UniqueIdentifier>{d40f3b70-8e40-44fe-9f1e-4a02f12f53c3}</UniqueIdentifier>
    </Filter>
    <Filter Include="Header Files\ManagersH">
      <UniqueIdentifier>{a203adc7-d303-41ac-b06c-7fde67c8e5dc}</UniqueIdentifier>
    </Filter>
    <Filter Include="Source Files\Managers">
      <UniqueIdentifier>{59da3d5b-931c-46bd-b26b-60991d89847f}</UniqueIdentifier>
    </Filter>
  </ItemGroup>
  <ItemGroup>
    <ClCompile Include="Source.cpp">
      <Filter>Source Files</Filter>
    </ClCompile>
    <ClCompile Include="InputHandler.cpp">
      <Filter>Source Files\inputHandlers</Filter>
    </ClCompile>
    <ClCompile Include="MainMenuHandler.cpp">
      <Filter>Source Files\inputHandlers</Filter>
    </ClCompile>
    <ClCompile Include="SettingsMenuHandler.cpp">
      <Filter>Source Files\inputHandlers</Filter>
    </ClCompile>
    <ClCompile Include="GameObject.cpp">
      <Filter>Source Files\Objects</Filter>
    </ClCompile>
    <ClCompile Include="LevelSelectHandler.cpp">
      <Filter>Source Files\inputHandlers</Filter>
    </ClCompile>
    <ClCompile Include="Game.cpp">
      <Filter>Source Files\Objects</Filter>
    </ClCompile>
    <ClCompile Include="SpriteObject.cpp">
      <Filter>Source Files\Objects</Filter>
    </ClCompile>
    <ClCompile Include="GraphicsUnit.cpp">
      <Filter>Source Files\Managers</Filter>
    </ClCompile>
    <ClCompile Include="LoopManager.cpp">
      <Filter>Source Files\Managers</Filter>
    </ClCompile>
    <ClCompile Include="ObjectFactory.cpp">
      <Filter>Source Files\Managers</Filter>
    </ClCompile>
  </ItemGroup>
  <ItemGroup>
    <ClInclude Include="MenuCode.h">
      <Filter>Source Files</Filter>
    </ClInclude>
    <ClInclude Include="MainMenuHandler.h">
      <Filter>Header Files\inputHandlersH</Filter>
    </ClInclude>
    <ClInclude Include="InputHandler.h">
      <Filter>Header Files\inputHandlersH</Filter>
    </ClInclude>
    <ClInclude Include="SettingsMenuHandler.h">
      <Filter>Header Files\inputHandlersH</Filter>
    </ClInclude>
    <ClInclude Include="GameObject.h">
      <Filter>Header Files\ObjectsH</Filter>
    </ClInclude>
    <ClInclude Include="LevelSelectHandler.h">
      <Filter>Header Files\inputHandlersH</Filter>
    </ClInclude>
    <ClInclude Include="Game.h">
      <Filter>Header Files\ObjectsH</Filter>
    </ClInclude>
    <ClInclude Include="SpriteObject.h">
      <Filter>Header Files\ObjectsH</Filter>
    </ClInclude>
    <ClInclude Include="LoopManager.h">
      <Filter>Header Files\ManagersH</Filter>
    </ClInclude>
    <ClInclude Include="GraphicsUnit.h">
      <Filter>Header Files\ManagersH</Filter>
    </ClInclude>
    <ClInclude Include="ObjectFactory.h">
      <Filter>Header Files\ManagersH</Filter>
    </ClInclude>
  </ItemGroup>
  <ItemGroup>
    <Image Include="..\..\..\SelectionArrow.png">
      <Filter>Resource Files</Filter>
    </Image>
  </ItemGroup>
</Project>